
Microsoft Visual Studio Solution File, Format Version 12.00
# Visual Studio Version 17
VisualStudioVersion = 17.14.36429.23
MinimumVisualStudioVersion = 10.0.40219.1
Project("{FAE04EC0-301F-11D3-BF4B-00C04F79EFBC}") = "Punto_1", "Punto_1\Punto_1.csproj", "{CA900AC4-86B3-411C-AAF0-26C3B26F44B1}"
EndProject
Project("{FAE04EC0-301F-11D3-BF4B-00C04F79EFBC}") = "Punto_2", "Punto_2\Punto_2.csproj", "{0B6BF0E2-22DA-41C9-883F-B98FF140EC2D}"
EndProject
Project("{FAE04EC0-301F-11D3-BF4B-00C04F79EFBC}") = "Punto_3", "Punto_3\Punto_3.csproj", "{2AA73ACF-377B-4C37-973E-29FC088DA032}"
EndProject
Project("{FAE04EC0-301F-11D3-BF4B-00C04F79EFBC}") = "Punto_4", "Punto_4\Punto_4.csproj", "{D72972D5-1930-47D0-8C78-91AAA3612491}"
EndProject
Project("{FAE04EC0-301F-11D3-BF4B-00C04F79EFBC}") = "Punto_5", "Punto_5\Punto_5.csproj", "{0E23E253-A06F-49F7-BBF1-5C8C79E44F42}"
EndProject
Project("{FAE04EC0-301F-11D3-BF4B-00C04F79EFBC}") = "Punto_6", "Punto_6\Punto_6.csproj", "{A18DBB17-ADE0-4787-83C2-7EC3958DF56B}"
EndProject
Project("{FAE04EC0-301F-11D3-BF4B-00C04F79EFBC}") = "Punto_7", "Punto_7\Punto_7.csproj", "{737A2656-0E2E-42E1-A2D2-FAB42264B23B}"
EndProject
Project("{FAE04EC0-301F-11D3-BF4B-00C04F79EFBC}") = "Punto_8", "Punto_8\Punto_8.csproj", "{2AF0B79E-95AD-4AF4-B768-C459A1E2AE22}"
EndProject
Project("{FAE04EC0-301F-11D3-BF4B-00C04F79EFBC}") = "Punto_9", "Punto_9\Punto_9.csproj", "{B0EC942B-290D-47FD-86DF-87376B11D99C}"
EndProject
Project("{FAE04EC0-301F-11D3-BF4B-00C04F79EFBC}") = "Punto_10", "Punto_10\Punto_10.csproj", "{1B1F622A-BD8F-4071-8960-A6CB10ABAADF}"
EndProject
Project("{FAE04EC0-301F-11D3-BF4B-00C04F79EFBC}") = "Punto_11", "Punto_11\Punto_11.csproj", "{51661920-04DE-442C-8AD3-E293B4EFD593}"
EndProject
Project("{FAE04EC0-301F-11D3-BF4B-00C04F79EFBC}") = "Punto_12", "Punto_12\Punto_12.csproj", "{33269A17-98A0-499D-9C18-26EE4D0849B1}"
EndProject
Project("{FAE04EC0-301F-11D3-BF4B-00C04F79EFBC}") = "Punto_13", "Punto_13\Punto_13.csproj", "{28B03C6E-ECB8-461E-8CC5-A597C51DB27B}"
EndProject
Project("{FAE04EC0-301F-11D3-BF4B-00C04F79EFBC}") = "Punto_14", "Punto_14\Punto_14.csproj", "{96837767-7579-43E8-A05B-6C6B1806A111}"
EndProject
Project("{FAE04EC0-301F-11D3-BF4B-00C04F79EFBC}") = "Punto_15", "Punto_15\Punto_15.csproj", "{C8938CD8-E7B2-4FF9-86BD-2FE67E451CD8}"
EndProject
Project("{FAE04EC0-301F-11D3-BF4B-00C04F79EFBC}") = "Punto_16", "Punto_16\Punto_16.csproj", "{B463B7AF-CFD3-4BB7-9CB5-54C1190302C6}"
EndProject
Project("{FAE04EC0-301F-11D3-BF4B-00C04F79EFBC}") = "Punto_17", "Punto_17\Punto_17.csproj", "{EAFA5E91-45F4-4154-9FDC-F26813B3238F}"
EndProject
Project("{FAE04EC0-301F-11D3-BF4B-00C04F79EFBC}") = "Punto_18", "Ejercicio_18\Punto_18.csproj", "{C261AE64-E317-4D70-8869-0DBEDA9C232C}"
EndProject
Project("{FAE04EC0-301F-11D3-BF4B-00C04F79EFBC}") = "Punto_19", "Punto_19\Punto_19.csproj", "{F89C7757-6474-4E5E-89F0-1AC4A0514954}"
EndProject
Global
	GlobalSection(SolutionConfigurationPlatforms) = preSolution
		Debug|Any CPU = Debug|Any CPU
		Release|Any CPU = Release|Any CPU
	EndGlobalSection
	GlobalSection(ProjectConfigurationPlatforms) = postSolution
		{CA900AC4-86B3-411C-AAF0-26C3B26F44B1}.Debug|Any CPU.ActiveCfg = Debug|Any CPU
		{CA900AC4-86B3-411C-AAF0-26C3B26F44B1}.Debug|Any CPU.Build.0 = Debug|Any CPU
		{CA900AC4-86B3-411C-AAF0-26C3B26F44B1}.Release|Any CPU.ActiveCfg = Release|Any CPU
		{CA900AC4-86B3-411C-AAF0-26C3B26F44B1}.Release|Any CPU.Build.0 = Release|Any CPU
		{0B6BF0E2-22DA-41C9-883F-B98FF140EC2D}.Debug|Any CPU.ActiveCfg = Debug|Any CPU
		{0B6BF0E2-22DA-41C9-883F-B98FF140EC2D}.Debug|Any CPU.Build.0 = Debug|Any CPU
		{0B6BF0E2-22DA-41C9-883F-B98FF140EC2D}.Release|Any CPU.ActiveCfg = Release|Any CPU
		{0B6BF0E2-22DA-41C9-883F-B98FF140EC2D}.Release|Any CPU.Build.0 = Release|Any CPU
		{2AA73ACF-377B-4C37-973E-29FC088DA032}.Debug|Any CPU.ActiveCfg = Debug|Any CPU
		{2AA73ACF-377B-4C37-973E-29FC088DA032}.Debug|Any CPU.Build.0 = Debug|Any CPU
		{2AA73ACF-377B-4C37-973E-29FC088DA032}.Release|Any CPU.ActiveCfg = Release|Any CPU
		{2AA73ACF-377B-4C37-973E-29FC088DA032}.Release|Any CPU.Build.0 = Release|Any CPU
		{D72972D5-1930-47D0-8C78-91AAA3612491}.Debug|Any CPU.ActiveCfg = Debug|Any CPU
		{D72972D5-1930-47D0-8C78-91AAA3612491}.Debug|Any CPU.Build.0 = Debug|Any CPU
		{D72972D5-1930-47D0-8C78-91AAA3612491}.Release|Any CPU.ActiveCfg = Release|Any CPU
		{D72972D5-1930-47D0-8C78-91AAA3612491}.Release|Any CPU.Build.0 = Release|Any CPU
		{0E23E253-A06F-49F7-BBF1-5C8C79E44F42}.Debug|Any CPU.ActiveCfg = Debug|Any CPU
		{0E23E253-A06F-49F7-BBF1-5C8C79E44F42}.Debug|Any CPU.Build.0 = Debug|Any CPU
		{0E23E253-A06F-49F7-BBF1-5C8C79E44F42}.Release|Any CPU.ActiveCfg = Release|Any CPU
		{0E23E253-A06F-49F7-BBF1-5C8C79E44F42}.Release|Any CPU.Build.0 = Release|Any CPU
		{A18DBB17-ADE0-4787-83C2-7EC3958DF56B}.Debug|Any CPU.ActiveCfg = Debug|Any CPU
		{A18DBB17-ADE0-4787-83C2-7EC3958DF56B}.Debug|Any CPU.Build.0 = Debug|Any CPU
		{A18DBB17-ADE0-4787-83C2-7EC3958DF56B}.Release|Any CPU.ActiveCfg = Release|Any CPU
		{A18DBB17-ADE0-4787-83C2-7EC3958DF56B}.Release|Any CPU.Build.0 = Release|Any CPU
		{737A2656-0E2E-42E1-A2D2-FAB42264B23B}.Debug|Any CPU.ActiveCfg = Debug|Any CPU
		{737A2656-0E2E-42E1-A2D2-FAB42264B23B}.Debug|Any CPU.Build.0 = Debug|Any CPU
		{737A2656-0E2E-42E1-A2D2-FAB42264B23B}.Release|Any CPU.ActiveCfg = Release|Any CPU
		{737A2656-0E2E-42E1-A2D2-FAB42264B23B}.Release|Any CPU.Build.0 = Release|Any CPU
		{2AF0B79E-95AD-4AF4-B768-C459A1E2AE22}.Debug|Any CPU.ActiveCfg = Debug|Any CPU
		{2AF0B79E-95AD-4AF4-B768-C459A1E2AE22}.Debug|Any CPU.Build.0 = Debug|Any CPU
		{2AF0B79E-95AD-4AF4-B768-C459A1E2AE22}.Release|Any CPU.ActiveCfg = Release|Any CPU
		{2AF0B79E-95AD-4AF4-B768-C459A1E2AE22}.Release|Any CPU.Build.0 = Release|Any CPU
		{B0EC942B-290D-47FD-86DF-87376B11D99C}.Debug|Any CPU.ActiveCfg = Debug|Any CPU
		{B0EC942B-290D-47FD-86DF-87376B11D99C}.Debug|Any CPU.Build.0 = Debug|Any CPU
		{B0EC942B-290D-47FD-86DF-87376B11D99C}.Release|Any CPU.ActiveCfg = Release|Any CPU
		{B0EC942B-290D-47FD-86DF-87376B11D99C}.Release|Any CPU.Build.0 = Release|Any CPU
		{1B1F622A-BD8F-4071-8960-A6CB10ABAADF}.Debug|Any CPU.ActiveCfg = Debug|Any CPU
		{1B1F622A-BD8F-4071-8960-A6CB10ABAADF}.Debug|Any CPU.Build.0 = Debug|Any CPU
		{1B1F622A-BD8F-4071-8960-A6CB10ABAADF}.Release|Any CPU.ActiveCfg = Release|Any CPU
		{1B1F622A-BD8F-4071-8960-A6CB10ABAADF}.Release|Any CPU.Build.0 = Release|Any CPU
		{51661920-04DE-442C-8AD3-E293B4EFD593}.Debug|Any CPU.ActiveCfg = Debug|Any CPU
		{51661920-04DE-442C-8AD3-E293B4EFD593}.Debug|Any CPU.Build.0 = Debug|Any CPU
		{51661920-04DE-442C-8AD3-E293B4EFD593}.Release|Any CPU.ActiveCfg = Release|Any CPU
		{51661920-04DE-442C-8AD3-E293B4EFD593}.Release|Any CPU.Build.0 = Release|Any CPU
		{33269A17-98A0-499D-9C18-26EE4D0849B1}.Debug|Any CPU.ActiveCfg = Debug|Any CPU
		{33269A17-98A0-499D-9C18-26EE4D0849B1}.Debug|Any CPU.Build.0 = Debug|Any CPU
		{33269A17-98A0-499D-9C18-26EE4D0849B1}.Release|Any CPU.ActiveCfg = Release|Any CPU
		{33269A17-98A0-499D-9C18-26EE4D0849B1}.Release|Any CPU.Build.0 = Release|Any CPU
		{28B03C6E-ECB8-461E-8CC5-A597C51DB27B}.Debug|Any CPU.ActiveCfg = Debug|Any CPU
		{28B03C6E-ECB8-461E-8CC5-A597C51DB27B}.Debug|Any CPU.Build.0 = Debug|Any CPU
		{28B03C6E-ECB8-461E-8CC5-A597C51DB27B}.Release|Any CPU.ActiveCfg = Release|Any CPU
		{28B03C6E-ECB8-461E-8CC5-A597C51DB27B}.Release|Any CPU.Build.0 = Release|Any CPU
		{96837767-7579-43E8-A05B-6C6B1806A111}.Debug|Any CPU.ActiveCfg = Debug|Any CPU
		{96837767-7579-43E8-A05B-6C6B1806A111}.Debug|Any CPU.Build.0 = Debug|Any CPU
		{96837767-7579-43E8-A05B-6C6B1806A111}.Release|Any CPU.ActiveCfg = Release|Any CPU
		{96837767-7579-43E8-A05B-6C6B1806A111}.Release|Any CPU.Build.0 = Release|Any CPU
		{C8938CD8-E7B2-4FF9-86BD-2FE67E451CD8}.Debug|Any CPU.ActiveCfg = Debug|Any CPU
		{C8938CD8-E7B2-4FF9-86BD-2FE67E451CD8}.Debug|Any CPU.Build.0 = Debug|Any CPU
		{C8938CD8-E7B2-4FF9-86BD-2FE67E451CD8}.Release|Any CPU.ActiveCfg = Release|Any CPU
		{C8938CD8-E7B2-4FF9-86BD-2FE67E451CD8}.Release|Any CPU.Build.0 = Release|Any CPU
		{B463B7AF-CFD3-4BB7-9CB5-54C1190302C6}.Debug|Any CPU.ActiveCfg = Debug|Any CPU
		{B463B7AF-CFD3-4BB7-9CB5-54C1190302C6}.Debug|Any CPU.Build.0 = Debug|Any CPU
		{B463B7AF-CFD3-4BB7-9CB5-54C1190302C6}.Release|Any CPU.ActiveCfg = Release|Any CPU
		{B463B7AF-CFD3-4BB7-9CB5-54C1190302C6}.Release|Any CPU.Build.0 = Release|Any CPU
		{EAFA5E91-45F4-4154-9FDC-F26813B3238F}.Debug|Any CPU.ActiveCfg = Debug|Any CPU
		{EAFA5E91-45F4-4154-9FDC-F26813B3238F}.Debug|Any CPU.Build.0 = Debug|Any CPU
		{EAFA5E91-45F4-4154-9FDC-F26813B3238F}.Release|Any CPU.ActiveCfg = Release|Any CPU
		{EAFA5E91-45F4-4154-9FDC-F26813B3238F}.Release|Any CPU.Build.0 = Release|Any CPU
		{C261AE64-E317-4D70-8869-0DBEDA9C232C}.Debug|Any CPU.ActiveCfg = Debug|Any CPU
		{C261AE64-E317-4D70-8869-0DBEDA9C232C}.Debug|Any CPU.Build.0 = Debug|Any CPU
		{C261AE64-E317-4D70-8869-0DBEDA9C232C}.Release|Any CPU.ActiveCfg = Release|Any CPU
		{C261AE64-E317-4D70-8869-0DBEDA9C232C}.Release|Any CPU.Build.0 = Release|Any CPU
		{F89C7757-6474-4E5E-89F0-1AC4A0514954}.Debug|Any CPU.ActiveCfg = Debug|Any CPU
		{F89C7757-6474-4E5E-89F0-1AC4A0514954}.Debug|Any CPU.Build.0 = Debug|Any CPU
		{F89C7757-6474-4E5E-89F0-1AC4A0514954}.Release|Any CPU.ActiveCfg = Release|Any CPU
		{F89C7757-6474-4E5E-89F0-1AC4A0514954}.Release|Any CPU.Build.0 = Release|Any CPU
	EndGlobalSection
	GlobalSection(SolutionProperties) = preSolution
		HideSolutionNode = FALSE
	EndGlobalSection
	GlobalSection(ExtensibilityGlobals) = postSolution
		SolutionGuid = {B4AE8CD8-24C4-4EFD-BAED-2FA435787CE5}
	EndGlobalSection
EndGlobal
