
Microsoft Visual Studio Solution File, Format Version 12.00
# Visual Studio Version 17
VisualStudioVersion = 17.14.36429.23
MinimumVisualStudioVersion = 10.0.40219.1
Project("{FAE04EC0-301F-11D3-BF4B-00C04F79EFBC}") = "Punto_1", "Punto_1\Punto_1.csproj", "{D3D5C9FA-C5F0-4B86-93E9-C5F96269925F}"
EndProject
Project("{FAE04EC0-301F-11D3-BF4B-00C04F79EFBC}") = "Punto_2", "Punto_2\Punto_2.csproj", "{FD0DF2C7-528A-41C1-AF01-123DF8DE393E}"
EndProject
Project("{FAE04EC0-301F-11D3-BF4B-00C04F79EFBC}") = "Punto_3", "Punto_3\Punto_3.csproj", "{1FED12E6-3DF7-4D01-8267-D932826F2A2D}"
EndProject
Project("{FAE04EC0-301F-11D3-BF4B-00C04F79EFBC}") = "Punto_4", "Punto_4\Punto_4.csproj", "{CC0BA417-D038-4AD1-A8E7-61A7204298DF}"
EndProject
Project("{FAE04EC0-301F-11D3-BF4B-00C04F79EFBC}") = "Punto_5", "Punto_5\Punto_5.csproj", "{D6D70405-837B-43BE-89CB-AE2A8EC5CEEB}"
EndProject
Project("{FAE04EC0-301F-11D3-BF4B-00C04F79EFBC}") = "Punto_6", "Punto_6\Punto_6.csproj", "{9E77834B-E731-49D5-9190-53DEF733B583}"
EndProject
Project("{FAE04EC0-301F-11D3-BF4B-00C04F79EFBC}") = "Punto_7", "Punto_7\Punto_7.csproj", "{24C5EF94-1CF9-4462-A4B3-FCE8D2130727}"
EndProject
Project("{FAE04EC0-301F-11D3-BF4B-00C04F79EFBC}") = "Punto_8", "Punto_8\Punto_8.csproj", "{E94B7CCF-20FE-4141-AB3B-6C4FA0B4F866}"
EndProject
Project("{FAE04EC0-301F-11D3-BF4B-00C04F79EFBC}") = "Punto_9", "Punto_9\Punto_9.csproj", "{BC1B727E-37C1-464E-8069-BB31107F4D08}"
EndProject
Project("{FAE04EC0-301F-11D3-BF4B-00C04F79EFBC}") = "Punto_10", "Punto_10\Punto_10.csproj", "{0CBBAF2C-E91E-4269-B65E-3A4FD5BB4A01}"
EndProject
Project("{FAE04EC0-301F-11D3-BF4B-00C04F79EFBC}") = "Punto_11", "Punto_11\Punto_11.csproj", "{99672857-01C0-45EC-90C1-45B4110221F5}"
EndProject
Global
	GlobalSection(SolutionConfigurationPlatforms) = preSolution
		Debug|Any CPU = Debug|Any CPU
		Release|Any CPU = Release|Any CPU
	EndGlobalSection
	GlobalSection(ProjectConfigurationPlatforms) = postSolution
		{D3D5C9FA-C5F0-4B86-93E9-C5F96269925F}.Debug|Any CPU.ActiveCfg = Debug|Any CPU
		{D3D5C9FA-C5F0-4B86-93E9-C5F96269925F}.Debug|Any CPU.Build.0 = Debug|Any CPU
		{D3D5C9FA-C5F0-4B86-93E9-C5F96269925F}.Release|Any CPU.ActiveCfg = Release|Any CPU
		{D3D5C9FA-C5F0-4B86-93E9-C5F96269925F}.Release|Any CPU.Build.0 = Release|Any CPU
		{FD0DF2C7-528A-41C1-AF01-123DF8DE393E}.Debug|Any CPU.ActiveCfg = Debug|Any CPU
		{FD0DF2C7-528A-41C1-AF01-123DF8DE393E}.Debug|Any CPU.Build.0 = Debug|Any CPU
		{FD0DF2C7-528A-41C1-AF01-123DF8DE393E}.Release|Any CPU.ActiveCfg = Release|Any CPU
		{FD0DF2C7-528A-41C1-AF01-123DF8DE393E}.Release|Any CPU.Build.0 = Release|Any CPU
		{1FED12E6-3DF7-4D01-8267-D932826F2A2D}.Debug|Any CPU.ActiveCfg = Debug|Any CPU
		{1FED12E6-3DF7-4D01-8267-D932826F2A2D}.Debug|Any CPU.Build.0 = Debug|Any CPU
		{1FED12E6-3DF7-4D01-8267-D932826F2A2D}.Release|Any CPU.ActiveCfg = Release|Any CPU
		{1FED12E6-3DF7-4D01-8267-D932826F2A2D}.Release|Any CPU.Build.0 = Release|Any CPU
		{CC0BA417-D038-4AD1-A8E7-61A7204298DF}.Debug|Any CPU.ActiveCfg = Debug|Any CPU
		{CC0BA417-D038-4AD1-A8E7-61A7204298DF}.Debug|Any CPU.Build.0 = Debug|Any CPU
		{CC0BA417-D038-4AD1-A8E7-61A7204298DF}.Release|Any CPU.ActiveCfg = Release|Any CPU
		{CC0BA417-D038-4AD1-A8E7-61A7204298DF}.Release|Any CPU.Build.0 = Release|Any CPU
		{D6D70405-837B-43BE-89CB-AE2A8EC5CEEB}.Debug|Any CPU.ActiveCfg = Debug|Any CPU
		{D6D70405-837B-43BE-89CB-AE2A8EC5CEEB}.Debug|Any CPU.Build.0 = Debug|Any CPU
		{D6D70405-837B-43BE-89CB-AE2A8EC5CEEB}.Release|Any CPU.ActiveCfg = Release|Any CPU
		{D6D70405-837B-43BE-89CB-AE2A8EC5CEEB}.Release|Any CPU.Build.0 = Release|Any CPU
		{9E77834B-E731-49D5-9190-53DEF733B583}.Debug|Any CPU.ActiveCfg = Debug|Any CPU
		{9E77834B-E731-49D5-9190-53DEF733B583}.Debug|Any CPU.Build.0 = Debug|Any CPU
		{9E77834B-E731-49D5-9190-53DEF733B583}.Release|Any CPU.ActiveCfg = Release|Any CPU
		{9E77834B-E731-49D5-9190-53DEF733B583}.Release|Any CPU.Build.0 = Release|Any CPU
		{24C5EF94-1CF9-4462-A4B3-FCE8D2130727}.Debug|Any CPU.ActiveCfg = Debug|Any CPU
		{24C5EF94-1CF9-4462-A4B3-FCE8D2130727}.Debug|Any CPU.Build.0 = Debug|Any CPU
		{24C5EF94-1CF9-4462-A4B3-FCE8D2130727}.Release|Any CPU.ActiveCfg = Release|Any CPU
		{24C5EF94-1CF9-4462-A4B3-FCE8D2130727}.Release|Any CPU.Build.0 = Release|Any CPU
		{E94B7CCF-20FE-4141-AB3B-6C4FA0B4F866}.Debug|Any CPU.ActiveCfg = Debug|Any CPU
		{E94B7CCF-20FE-4141-AB3B-6C4FA0B4F866}.Debug|Any CPU.Build.0 = Debug|Any CPU
		{E94B7CCF-20FE-4141-AB3B-6C4FA0B4F866}.Release|Any CPU.ActiveCfg = Release|Any CPU
		{E94B7CCF-20FE-4141-AB3B-6C4FA0B4F866}.Release|Any CPU.Build.0 = Release|Any CPU
		{BC1B727E-37C1-464E-8069-BB31107F4D08}.Debug|Any CPU.ActiveCfg = Debug|Any CPU
		{BC1B727E-37C1-464E-8069-BB31107F4D08}.Debug|Any CPU.Build.0 = Debug|Any CPU
		{BC1B727E-37C1-464E-8069-BB31107F4D08}.Release|Any CPU.ActiveCfg = Release|Any CPU
		{BC1B727E-37C1-464E-8069-BB31107F4D08}.Release|Any CPU.Build.0 = Release|Any CPU
		{0CBBAF2C-E91E-4269-B65E-3A4FD5BB4A01}.Debug|Any CPU.ActiveCfg = Debug|Any CPU
		{0CBBAF2C-E91E-4269-B65E-3A4FD5BB4A01}.Debug|Any CPU.Build.0 = Debug|Any CPU
		{0CBBAF2C-E91E-4269-B65E-3A4FD5BB4A01}.Release|Any CPU.ActiveCfg = Release|Any CPU
		{0CBBAF2C-E91E-4269-B65E-3A4FD5BB4A01}.Release|Any CPU.Build.0 = Release|Any CPU
		{99672857-01C0-45EC-90C1-45B4110221F5}.Debug|Any CPU.ActiveCfg = Debug|Any CPU
		{99672857-01C0-45EC-90C1-45B4110221F5}.Debug|Any CPU.Build.0 = Debug|Any CPU
		{99672857-01C0-45EC-90C1-45B4110221F5}.Release|Any CPU.ActiveCfg = Release|Any CPU
		{99672857-01C0-45EC-90C1-45B4110221F5}.Release|Any CPU.Build.0 = Release|Any CPU
	EndGlobalSection
	GlobalSection(SolutionProperties) = preSolution
		HideSolutionNode = FALSE
	EndGlobalSection
	GlobalSection(ExtensibilityGlobals) = postSolution
		SolutionGuid = {B4AE8CD8-24C4-4EFD-BAED-2FA435787CE5}
	EndGlobalSection
EndGlobal
